
Microsoft Visual Studio Solution File, Format Version 12.00
# Visual Studio Version 17
VisualStudioVersion = 17.13.35919.96
MinimumVisualStudioVersion = 10.0.40219.1
Project("{FAE04EC0-301F-11D3-BF4B-00C04F79EFBC}") = "Task1_1", "Task1_1\Task1_1.csproj", "{4884310E-4DCC-4A6A-88A7-F3F5D9271EE9}"
EndProject
Project("{FAE04EC0-301F-11D3-BF4B-00C04F79EFBC}") = "Task1_2", "Task1_2\Task1_2.csproj", "{5CEDCF8C-4A46-4792-A184-E945FA451DCA}"
EndProject
Project("{FAE04EC0-301F-11D3-BF4B-00C04F79EFBC}") = "Task1_3", "Task1_3\Task1_3.csproj", "{16684DF9-313D-4257-8DB9-E76F7D786C79}"
EndProject
Project("{FAE04EC0-301F-11D3-BF4B-00C04F79EFBC}") = "Task2", "Task2\Task2.csproj", "{F8D48A8F-831B-414C-887E-013657C96C54}"
EndProject
Project("{FAE04EC0-301F-11D3-BF4B-00C04F79EFBC}") = "Task3", "Task3\Task3.csproj", "{490455C2-9218-4DF7-8832-7632A2CC41A9}"
EndProject
Project("{FAE04EC0-301F-11D3-BF4B-00C04F79EFBC}") = "Task4", "Task4\Task4.csproj", "{E49C1364-122C-4952-AE71-9347C3EE9445}"
EndProject
Project("{FAE04EC0-301F-11D3-BF4B-00C04F79EFBC}") = "Task5", "Task5\Task5.csproj", "{2A207592-D92F-4078-BB75-5C5855FDB8C1}"
EndProject
Project("{FAE04EC0-301F-11D3-BF4B-00C04F79EFBC}") = "Task6", "Task6\Task6.csproj", "{9228FBAC-D409-4336-ABAC-4AA2D15CB8A8}"
EndProject
Project("{FAE04EC0-301F-11D3-BF4B-00C04F79EFBC}") = "Task7", "Task7\Task7.csproj", "{33C93785-E75C-4CFE-905E-5549A3957BB0}"
EndProject
Global
	GlobalSection(SolutionConfigurationPlatforms) = preSolution
		Debug|Any CPU = Debug|Any CPU
		Release|Any CPU = Release|Any CPU
	EndGlobalSection
	GlobalSection(ProjectConfigurationPlatforms) = postSolution
		{4884310E-4DCC-4A6A-88A7-F3F5D9271EE9}.Debug|Any CPU.ActiveCfg = Debug|Any CPU
		{4884310E-4DCC-4A6A-88A7-F3F5D9271EE9}.Debug|Any CPU.Build.0 = Debug|Any CPU
		{4884310E-4DCC-4A6A-88A7-F3F5D9271EE9}.Release|Any CPU.ActiveCfg = Release|Any CPU
		{4884310E-4DCC-4A6A-88A7-F3F5D9271EE9}.Release|Any CPU.Build.0 = Release|Any CPU
		{5CEDCF8C-4A46-4792-A184-E945FA451DCA}.Debug|Any CPU.ActiveCfg = Debug|Any CPU
		{5CEDCF8C-4A46-4792-A184-E945FA451DCA}.Debug|Any CPU.Build.0 = Debug|Any CPU
		{5CEDCF8C-4A46-4792-A184-E945FA451DCA}.Release|Any CPU.ActiveCfg = Release|Any CPU
		{5CEDCF8C-4A46-4792-A184-E945FA451DCA}.Release|Any CPU.Build.0 = Release|Any CPU
		{16684DF9-313D-4257-8DB9-E76F7D786C79}.Debug|Any CPU.ActiveCfg = Debug|Any CPU
		{16684DF9-313D-4257-8DB9-E76F7D786C79}.Debug|Any CPU.Build.0 = Debug|Any CPU
		{16684DF9-313D-4257-8DB9-E76F7D786C79}.Release|Any CPU.ActiveCfg = Release|Any CPU
		{16684DF9-313D-4257-8DB9-E76F7D786C79}.Release|Any CPU.Build.0 = Release|Any CPU
		{F8D48A8F-831B-414C-887E-013657C96C54}.Debug|Any CPU.ActiveCfg = Debug|Any CPU
		{F8D48A8F-831B-414C-887E-013657C96C54}.Debug|Any CPU.Build.0 = Debug|Any CPU
		{F8D48A8F-831B-414C-887E-013657C96C54}.Release|Any CPU.ActiveCfg = Release|Any CPU
		{F8D48A8F-831B-414C-887E-013657C96C54}.Release|Any CPU.Build.0 = Release|Any CPU
		{490455C2-9218-4DF7-8832-7632A2CC41A9}.Debug|Any CPU.ActiveCfg = Debug|Any CPU
		{490455C2-9218-4DF7-8832-7632A2CC41A9}.Debug|Any CPU.Build.0 = Debug|Any CPU
		{490455C2-9218-4DF7-8832-7632A2CC41A9}.Release|Any CPU.ActiveCfg = Release|Any CPU
		{490455C2-9218-4DF7-8832-7632A2CC41A9}.Release|Any CPU.Build.0 = Release|Any CPU
		{E49C1364-122C-4952-AE71-9347C3EE9445}.Debug|Any CPU.ActiveCfg = Debug|Any CPU
		{E49C1364-122C-4952-AE71-9347C3EE9445}.Debug|Any CPU.Build.0 = Debug|Any CPU
		{E49C1364-122C-4952-AE71-9347C3EE9445}.Release|Any CPU.ActiveCfg = Release|Any CPU
		{E49C1364-122C-4952-AE71-9347C3EE9445}.Release|Any CPU.Build.0 = Release|Any CPU
		{2A207592-D92F-4078-BB75-5C5855FDB8C1}.Debug|Any CPU.ActiveCfg = Debug|Any CPU
		{2A207592-D92F-4078-BB75-5C5855FDB8C1}.Debug|Any CPU.Build.0 = Debug|Any CPU
		{2A207592-D92F-4078-BB75-5C5855FDB8C1}.Release|Any CPU.ActiveCfg = Release|Any CPU
		{2A207592-D92F-4078-BB75-5C5855FDB8C1}.Release|Any CPU.Build.0 = Release|Any CPU
		{9228FBAC-D409-4336-ABAC-4AA2D15CB8A8}.Debug|Any CPU.ActiveCfg = Debug|Any CPU
		{9228FBAC-D409-4336-ABAC-4AA2D15CB8A8}.Debug|Any CPU.Build.0 = Debug|Any CPU
		{9228FBAC-D409-4336-ABAC-4AA2D15CB8A8}.Release|Any CPU.ActiveCfg = Release|Any CPU
		{9228FBAC-D409-4336-ABAC-4AA2D15CB8A8}.Release|Any CPU.Build.0 = Release|Any CPU
		{33C93785-E75C-4CFE-905E-5549A3957BB0}.Debug|Any CPU.ActiveCfg = Debug|Any CPU
		{33C93785-E75C-4CFE-905E-5549A3957BB0}.Debug|Any CPU.Build.0 = Debug|Any CPU
		{33C93785-E75C-4CFE-905E-5549A3957BB0}.Release|Any CPU.ActiveCfg = Release|Any CPU
		{33C93785-E75C-4CFE-905E-5549A3957BB0}.Release|Any CPU.Build.0 = Release|Any CPU
	EndGlobalSection
	GlobalSection(SolutionProperties) = preSolution
		HideSolutionNode = FALSE
	EndGlobalSection
	GlobalSection(ExtensibilityGlobals) = postSolution
		SolutionGuid = {8C060005-B7CE-4D5C-828B-8097D862DE35}
	EndGlobalSection
EndGlobal
